// !$*UTF8*$!
{
	archiveVersion = 1;
	classes = {
	};
	objectVersion = 50;
	objects = {

/* Begin PBXBuildFile section */
		44B0AA9021D693E200AC1F19 /* AppDelegate.swift in Sources */ = {isa = PBXBuildFile; fileRef = 44B0AA8F21D693E200AC1F19 /* AppDelegate.swift */; };
		44B0AA9221D693E200AC1F19 /* art.scnassets in Resources */ = {isa = PBXBuildFile; fileRef = 44B0AA9121D693E200AC1F19 /* art.scnassets */; };
		44B0AA9421D693E200AC1F19 /* ViewController.swift in Sources */ = {isa = PBXBuildFile; fileRef = 44B0AA9321D693E200AC1F19 /* ViewController.swift */; };
		44B0AA9721D693E200AC1F19 /* Main.storyboard in Resources */ = {isa = PBXBuildFile; fileRef = 44B0AA9521D693E200AC1F19 /* Main.storyboard */; };
		44B0AA9921D693E200AC1F19 /* Assets.xcassets in Resources */ = {isa = PBXBuildFile; fileRef = 44B0AA9821D693E200AC1F19 /* Assets.xcassets */; };
		44B0AA9C21D693E200AC1F19 /* LaunchScreen.storyboard in Resources */ = {isa = PBXBuildFile; fileRef = 44B0AA9A21D693E200AC1F19 /* LaunchScreen.storyboard */; };
/* End PBXBuildFile section */

/* Begin PBXFileReference section */
		44B0AA8C21D693E200AC1F19 /* Visual Signal.app */ = {isa = PBXFileReference; explicitFileType = wrapper.application; includeInIndex = 0; path = "Visual Signal.app"; sourceTree = BUILT_PRODUCTS_DIR; };
		44B0AA8F21D693E200AC1F19 /* AppDelegate.swift */ = {isa = PBXFileReference; lastKnownFileType = sourcecode.swift; path = AppDelegate.swift; sourceTree = "<group>"; };
		44B0AA9121D693E200AC1F19 /* art.scnassets */ = {isa = PBXFileReference; lastKnownFileType = wrapper.scnassets; path = art.scnassets; sourceTree = "<group>"; };
		44B0AA9321D693E200AC1F19 /* ViewController.swift */ = {isa = PBXFileReference; lastKnownFileType = sourcecode.swift; path = ViewController.swift; sourceTree = "<group>"; };
		44B0AA9621D693E200AC1F19 /* Base */ = {isa = PBXFileReference; lastKnownFileType = file.storyboard; name = Base; path = Base.lproj/Main.storyboard; sourceTree = "<group>"; };
		44B0AA9821D693E200AC1F19 /* Assets.xcassets */ = {isa = PBXFileReference; lastKnownFileType = folder.assetcatalog; path = Assets.xcassets; sourceTree = "<group>"; };
		44B0AA9B21D693E200AC1F19 /* Base */ = {isa = PBXFileReference; lastKnownFileType = file.storyboard; name = Base; path = Base.lproj/LaunchScreen.storyboard; sourceTree = "<group>"; };
		44B0AA9D21D693E200AC1F19 /* Info.plist */ = {isa = PBXFileReference; lastKnownFileType = text.plist.xml; path = Info.plist; sourceTree = "<group>"; };
/* End PBXFileReference section */

/* Begin PBXFrameworksBuildPhase section */
		44B0AA8921D693E200AC1F19 /* Frameworks */ = {
			isa = PBXFrameworksBuildPhase;
			buildActionMask = 2147483647;
			files = (
			);
			runOnlyForDeploymentPostprocessing = 0;
		};
/* End PBXFrameworksBuildPhase section */

/* Begin PBXGroup section */
		44B0AA8321D693E200AC1F19 = {
			isa = PBXGroup;
			children = (
				44B0AA8E21D693E200AC1F19 /* Visual Signal */,
				44B0AA8D21D693E200AC1F19 /* Products */,
			);
			sourceTree = "<group>";
		};
		44B0AA8D21D693E200AC1F19 /* Products */ = {
			isa = PBXGroup;
			children = (
				44B0AA8C21D693E200AC1F19 /* Visual Signal.app */,
			);
			name = Products;
			sourceTree = "<group>";
		};
		44B0AA8E21D693E200AC1F19 /* Visual Signal */ = {
			isa = PBXGroup;
			children = (
				44B0AA8F21D693E200AC1F19 /* AppDelegate.swift */,
				44B0AA9121D693E200AC1F19 /* art.scnassets */,
				44B0AA9321D693E200AC1F19 /* ViewController.swift */,
				44B0AA9521D693E200AC1F19 /* Main.storyboard */,
				44B0AA9821D693E200AC1F19 /* Assets.xcassets */,
				44B0AA9A21D693E200AC1F19 /* LaunchScreen.storyboard */,
				44B0AA9D21D693E200AC1F19 /* Info.plist */,
			);
			path = "Visual Signal";
			sourceTree = "<group>";
		};
/* End PBXGroup section */

/* Begin PBXNativeTarget section */
		44B0AA8B21D693E200AC1F19 /* Visual Signal */ = {
			isa = PBXNativeTarget;
			buildConfigurationList = 44B0AAA021D693E200AC1F19 /* Build configuration list for PBXNativeTarget "Visual Signal" */;
			buildPhases = (
				44B0AA8821D693E200AC1F19 /* Sources */,
				44B0AA8921D693E200AC1F19 /* Frameworks */,
				44B0AA8A21D693E200AC1F19 /* Resources */,
			);
			buildRules = (
			);
			dependencies = (
			);
			name = "Visual Signal";
			productName = "Visual Signal";
			productReference = 44B0AA8C21D693E200AC1F19 /* Visual Signal.app */;
			productType = "com.apple.product-type.application";
		};
/* End PBXNativeTarget section */

/* Begin PBXProject section */
		44B0AA8421D693E200AC1F19 /* Project object */ = {
			isa = PBXProject;
			attributes = {
				LastSwiftUpdateCheck = 1010;
				LastUpgradeCheck = 1010;
				ORGANIZATIONNAME = "Vergil Choi";
				TargetAttributes = {
					44B0AA8B21D693E200AC1F19 = {
						CreatedOnToolsVersion = 10.1;
					};
				};
			};
			buildConfigurationList = 44B0AA8721D693E200AC1F19 /* Build configuration list for PBXProject "Visual Signal" */;
			compatibilityVersion = "Xcode 9.3";
			developmentRegion = en;
			hasScannedForEncodings = 0;
			knownRegions = (
				en,
				Base,
			);
			mainGroup = 44B0AA8321D693E200AC1F19;
			productRefGroup = 44B0AA8D21D693E200AC1F19 /* Products */;
			projectDirPath = "";
			projectRoot = "";
			targets = (
				44B0AA8B21D693E200AC1F19 /* Visual Signal */,
			);
		};
/* End PBXProject section */

/* Begin PBXResourcesBuildPhase section */
		44B0AA8A21D693E200AC1F19 /* Resources */ = {
			isa = PBXResourcesBuildPhase;
			buildActionMask = 2147483647;
			files = (
				44B0AA9221D693E200AC1F19 /* art.scnassets in Resources */,
				44B0AA9C21D693E200AC1F19 /* LaunchScreen.storyboard in Resources */,
				44B0AA9921D693E200AC1F19 /* Assets.xcassets in Resources */,
				44B0AA9721D693E200AC1F19 /* Main.storyboard in Resources */,
			);
			runOnlyForDeploymentPostprocessing = 0;
		};
/* End PBXResourcesBuildPhase section */

/* Begin PBXSourcesBuildPhase section */
		44B0AA8821D693E200AC1F19 /* Sources */ = {
			isa = PBXSourcesBuildPhase;
			buildActionMask = 2147483647;
			files = (
				44B0AA9421D693E200AC1F19 /* ViewController.swift in Sources */,
				44B0AA9021D693E200AC1F19 /* AppDelegate.swift in Sources */,
			);
			runOnlyForDeploymentPostprocessing = 0;
		};
/* End PBXSourcesBuildPhase section */

/* Begin PBXVariantGroup section */
		44B0AA9521D693E200AC1F19 /* Main.storyboard */ = {
			isa = PBXVariantGroup;
			children = (
				44B0AA9621D693E200AC1F19 /* Base */,
			);
			name = Main.storyboard;
			sourceTree = "<group>";
		};
		44B0AA9A21D693E200AC1F19 /* LaunchScreen.storyboard */ = {
			isa = PBXVariantGroup;
			children = (
				44B0AA9B21D693E200AC1F19 /* Base */,
			);
			name = LaunchScreen.storyboard;
			sourceTree = "<group>";
		};
/* End PBXVariantGroup section */

/* Begin XCBuildConfiguration section */
		44B0AA9E21D693E200AC1F19 /* Debug */ = {
			isa = XCBuildConfiguration;
			buildSettings = {
				ALWAYS_SEARCH_USER_PATHS = NO;
				CLANG_ANALYZER_NONNULL = YES;
				CLANG_ANALYZER_NUMBER_OBJECT_CONVERSION = YES_AGGRESSIVE;
				CLANG_CXX_LANGUAGE_STANDARD = "gnu++14";
				CLANG_CXX_LIBRARY = "libc++";
				CLANG_ENABLE_MODULES = YES;
				CLANG_ENABLE_OBJC_ARC = YES;
				CLANG_ENABLE_OBJC_WEAK = YES;
				CLANG_WARN_BLOCK_CAPTURE_AUTORELEASING = YES;
				CLANG_WARN_BOOL_CONVERSION = YES;
				CLANG_WARN_COMMA = YES;
				CLANG_WARN_CONSTANT_CONVERSION = YES;
				CLANG_WARN_DEPRECATED_OBJC_IMPLEMENTATIONS = YES;
				CLANG_WARN_DIRECT_OBJC_ISA_USAGE = YES_ERROR;
				CLANG_WARN_DOCUMENTATION_COMMENTS = YES;
				CLANG_WARN_EMPTY_BODY = YES;
				CLANG_WARN_ENUM_CONVERSION = YES;
				CLANG_WARN_INFINITE_RECURSION = YES;
				CLANG_WARN_INT_CONVERSION = YES;
				CLANG_WARN_NON_LITERAL_NULL_CONVERSION = YES;
				CLANG_WARN_OBJC_IMPLICIT_RETAIN_SELF = YES;
				CLANG_WARN_OBJC_LITERAL_CONVERSION = YES;
				CLANG_WARN_OBJC_ROOT_CLASS = YES_ERROR;
				CLANG_WARN_RANGE_LOOP_ANALYSIS = YES;
				CLANG_WARN_STRICT_PROTOTYPES = YES;
				CLANG_WARN_SUSPICIOUS_MOVE = YES;
				CLANG_WARN_UNGUARDED_AVAILABILITY = YES_AGGRESSIVE;
				CLANG_WARN_UNREACHABLE_CODE = YES;
				CLANG_WARN__DUPLICATE_METHOD_MATCH = YES;
				CODE_SIGN_IDENTITY = "iPhone Developer";
				COPY_PHASE_STRIP = NO;
				DEBUG_INFORMATION_FORMAT = dwarf;
				ENABLE_STRICT_OBJC_MSGSEND = YES;
				ENABLE_TESTABILITY = YES;
				GCC_C_LANGUAGE_STANDARD = gnu11;
				GCC_DYNAMIC_NO_PIC = NO;
				GCC_NO_COMMON_BLOCKS = YES;
				GCC_OPTIMIZATION_LEVEL = 0;
				GCC_PREPROCESSOR_DEFINITIONS = (
					"DEBUG=1",
					"$(inherited)",
				);
				GCC_WARN_64_TO_32_BIT_CONVERSION = YES;
				GCC_WARN_ABOUT_RETURN_TYPE = YES_ERROR;
				GCC_WARN_UNDECLARED_SELECTOR = YES;
				GCC_WARN_UNINITIALIZED_AUTOS = YES_AGGRESSIVE;
				GCC_WARN_UNUSED_FUNCTION = YES;
				GCC_WARN_UNUSED_VARIABLE = YES;
				IPHONEOS_DEPLOYMENT_TARGET = 12.1;
				MTL_ENABLE_DEBUG_INFO = INCLUDE_SOURCE;
				MTL_FAST_MATH = YES;
				ONLY_ACTIVE_ARCH = YES;
				SDKROOT = iphoneos;
				SWIFT_ACTIVE_COMPILATION_CONDITIONS = DEBUG;
				SWIFT_OPTIMIZATION_LEVEL = "-Onone";
			};
			name = Debug;
		};
		44B0AA9F21D693E200AC1F19 /* Release */ = {
			isa = XCBuildConfiguration;
			buildSettings = {
				ALWAYS_SEARCH_USER_PATHS = NO;
				CLANG_ANALYZER_NONNULL = YES;
				CLANG_ANALYZER_NUMBER_OBJECT_CONVERSION = YES_AGGRESSIVE;
				CLANG_CXX_LANGUAGE_STANDARD = "gnu++14";
				CLANG_CXX_LIBRARY = "libc++";
				CLANG_ENABLE_MODULES = YES;
				CLANG_ENABLE_OBJC_ARC = YES;
				CLANG_ENABLE_OBJC_WEAK = YES;
				CLANG_WARN_BLOCK_CAPTURE_AUTORELEASING = YES;
				CLANG_WARN_BOOL_CONVERSION = YES;
				CLANG_WARN_COMMA = YES;
				CLANG_WARN_CONSTANT_CONVERSION = YES;
				CLANG_WARN_DEPRECATED_OBJC_IMPLEMENTATIONS = YES;
				CLANG_WARN_DIRECT_OBJC_ISA_USAGE = YES_ERROR;
				CLANG_WARN_DOCUMENTATION_COMMENTS = YES;
				CLANG_WARN_EMPTY_BODY = YES;
				CLANG_WARN_ENUM_CONVERSION = YES;
				CLANG_WARN_INFINITE_RECURSION = YES;
				CLANG_WARN_INT_CONVERSION = YES;
				CLANG_WARN_NON_LITERAL_NULL_CONVERSION = YES;
				CLANG_WARN_OBJC_IMPLICIT_RETAIN_SELF = YES;
				CLANG_WARN_OBJC_LITERAL_CONVERSION = YES;
				CLANG_WARN_OBJC_ROOT_CLASS = YES_ERROR;
				CLANG_WARN_RANGE_LOOP_ANALYSIS = YES;
				CLANG_WARN_STRICT_PROTOTYPES = YES;
				CLANG_WARN_SUSPICIOUS_MOVE = YES;
				CLANG_WARN_UNGUARDED_AVAILABILITY = YES_AGGRESSIVE;
				CLANG_WARN_UNREACHABLE_CODE = YES;
				CLANG_WARN__DUPLICATE_METHOD_MATCH = YES;
				CODE_SIGN_IDENTITY = "iPhone Developer";
				COPY_PHASE_STRIP = NO;
				DEBUG_INFORMATION_FORMAT = "dwarf-with-dsym";
				ENABLE_NS_ASSERTIONS = NO;
				ENABLE_STRICT_OBJC_MSGSEND = YES;
				GCC_C_LANGUAGE_STANDARD = gnu11;
				GCC_NO_COMMON_BLOCKS = YES;
				GCC_WARN_64_TO_32_BIT_CONVERSION = YES;
				GCC_WARN_ABOUT_RETURN_TYPE = YES_ERROR;
				GCC_WARN_UNDECLARED_SELECTOR = YES;
				GCC_WARN_UNINITIALIZED_AUTOS = YES_AGGRESSIVE;
				GCC_WARN_UNUSED_FUNCTION = YES;
				GCC_WARN_UNUSED_VARIABLE = YES;
				IPHONEOS_DEPLOYMENT_TARGET = 12.1;
				MTL_ENABLE_DEBUG_INFO = NO;
				MTL_FAST_MATH = YES;
				SDKROOT = iphoneos;
				SWIFT_COMPILATION_MODE = wholemodule;
				SWIFT_OPTIMIZATION_LEVEL = "-O";
				VALIDATE_PRODUCT = YES;
			};
			name = Release;
		};
		44B0AAA121D693E200AC1F19 /* Debug */ = {
			isa = XCBuildConfiguration;
			buildSettings = {
				ASSETCATALOG_COMPILER_APPICON_NAME = AppIcon;
				CODE_SIGN_STYLE = Automatic;
				DEVELOPMENT_TEAM = 7HDAS685HR;
				INFOPLIST_FILE = "Visual Signal/Info.plist";
				LD_RUNPATH_SEARCH_PATHS = (
					"$(inherited)",
					"@executable_path/Frameworks",
				);
				PRODUCT_BUNDLE_IDENTIFIER = "com.choi.vergil.Visual-Signal";
				PRODUCT_NAME = "$(TARGET_NAME)";
				SWIFT_VERSION = 4.2;
				TARGETED_DEVICE_FAMILY = "1,2";
			};
			name = Debug;
		};
		44B0AAA221D693E200AC1F19 /* Release */ = {
			isa = XCBuildConfiguration;
			buildSettings = {
				ASSETCATALOG_COMPILER_APPICON_NAME = AppIcon;
				CODE_SIGN_STYLE = Automatic;
				DEVELOPMENT_TEAM = 7HDAS685HR;
				INFOPLIST_FILE = "Visual Signal/Info.plist";
				LD_RUNPATH_SEARCH_PATHS = (
					"$(inherited)",
					"@executable_path/Frameworks",
				);
				PRODUCT_BUNDLE_IDENTIFIER = "com.choi.vergil.Visual-Signal";
				PRODUCT_NAME = "$(TARGET_NAME)";
				SWIFT_VERSION = 4.2;
				TARGETED_DEVICE_FAMILY = "1,2";
			};
			name = Release;
		};
/* End XCBuildConfiguration section */

/* Begin XCConfigurationList section */
		44B0AA8721D693E200AC1F19 /* Build configuration list for PBXProject "Visual Signal" */ = {
			isa = XCConfigurationList;
			buildConfigurations = (
				44B0AA9E21D693E200AC1F19 /* Debug */,
				44B0AA9F21D693E200AC1F19 /* Release */,
			);
			defaultConfigurationIsVisible = 0;
			defaultConfigurationName = Release;
		};
		44B0AAA021D693E200AC1F19 /* Build configuration list for PBXNativeTarget "Visual Signal" */ = {
			isa = XCConfigurationList;
			buildConfigurations = (
				44B0AAA121D693E200AC1F19 /* Debug */,
				44B0AAA221D693E200AC1F19 /* Release */,
			);
			defaultConfigurationIsVisible = 0;
			defaultConfigurationName = Release;
		};
/* End XCConfigurationList section */
	};
	rootObject = 44B0AA8421D693E200AC1F19 /* Project object */;
}
